
Microsoft Visual Studio Solution File, Format Version 12.00
# Visual Studio Version 17
VisualStudioVersion = 17.2.32630.192
MinimumVisualStudioVersion = 10.0.40219.1
Project("{FAE04EC0-301F-11D3-BF4B-00C04F79EFBC}") = "NorwayGUI", "NorwayGUI\NorwayGUI.csproj", "{90BFDEFF-7259-4206-BC85-4C582E62A215}"
EndProject
Global
	GlobalSection(SolutionConfigurationPlatforms) = preSolution
		Debug|Any CPU = Debug|Any CPU
		Release|Any CPU = Release|Any CPU
	EndGlobalSection
	GlobalSection(ProjectConfigurationPlatforms) = postSolution
		{90BFDEFF-7259-4206-BC85-4C582E62A215}.Debug|Any CPU.ActiveCfg = Debug|Any CPU
		{90BFDEFF-7259-4206-BC85-4C582E62A215}.Debug|Any CPU.Build.0 = Debug|Any CPU
		{90BFDEFF-7259-4206-BC85-4C582E62A215}.Release|Any CPU.ActiveCfg = Release|Any CPU
		{90BFDEFF-7259-4206-BC85-4C582E62A215}.Release|Any CPU.Build.0 = Release|Any CPU
	EndGlobalSection
	GlobalSection(SolutionProperties) = preSolution
		HideSolutionNode = FALSE
	EndGlobalSection
	GlobalSection(ExtensibilityGlobals) = postSolution
		SolutionGuid = {72DAC10D-9ACE-4DA9-B15A-4877A2316799}
	EndGlobalSection
EndGlobal
